
Microsoft Visual Studio Solution File, Format Version 12.00
# Visual Studio Version 16
VisualStudioVersion = 16.0.31702.278
MinimumVisualStudioVersion = 10.0.40219.1
Project("{FAE04EC0-301F-11D3-BF4B-00C04F79EFBC}") = "BookishButBetter", "BookishButBetter\BookishButBetter.csproj", "{55AFF351-A401-4154-B70E-DCBC0C77471C}"
EndProject
Project("{FAE04EC0-301F-11D3-BF4B-00C04F79EFBC}") = "Bookish_dataAccess", "Bookish_dataAccess\Bookish_dataAccess.csproj", "{26135C7D-0ACC-4F7A-9C31-C2085D81E0B0}"
EndProject
Project("{FAE04EC0-301F-11D3-BF4B-00C04F79EFBC}") = "Bookish.Web", "Bookish.Web\Bookish.Web.csproj", "{DE0B460C-C7CD-4591-B1CC-AC374CD6175A}"
EndProject
Global
	GlobalSection(SolutionConfigurationPlatforms) = preSolution
		Debug|Any CPU = Debug|Any CPU
		Release|Any CPU = Release|Any CPU
	EndGlobalSection
	GlobalSection(ProjectConfigurationPlatforms) = postSolution
		{55AFF351-A401-4154-B70E-DCBC0C77471C}.Debug|Any CPU.ActiveCfg = Debug|Any CPU
		{55AFF351-A401-4154-B70E-DCBC0C77471C}.Debug|Any CPU.Build.0 = Debug|Any CPU
		{55AFF351-A401-4154-B70E-DCBC0C77471C}.Release|Any CPU.ActiveCfg = Release|Any CPU
		{55AFF351-A401-4154-B70E-DCBC0C77471C}.Release|Any CPU.Build.0 = Release|Any CPU
		{26135C7D-0ACC-4F7A-9C31-C2085D81E0B0}.Debug|Any CPU.ActiveCfg = Debug|Any CPU
		{26135C7D-0ACC-4F7A-9C31-C2085D81E0B0}.Debug|Any CPU.Build.0 = Debug|Any CPU
		{26135C7D-0ACC-4F7A-9C31-C2085D81E0B0}.Release|Any CPU.ActiveCfg = Release|Any CPU
		{26135C7D-0ACC-4F7A-9C31-C2085D81E0B0}.Release|Any CPU.Build.0 = Release|Any CPU
		{DE0B460C-C7CD-4591-B1CC-AC374CD6175A}.Debug|Any CPU.ActiveCfg = Debug|Any CPU
		{DE0B460C-C7CD-4591-B1CC-AC374CD6175A}.Debug|Any CPU.Build.0 = Debug|Any CPU
		{DE0B460C-C7CD-4591-B1CC-AC374CD6175A}.Release|Any CPU.ActiveCfg = Release|Any CPU
		{DE0B460C-C7CD-4591-B1CC-AC374CD6175A}.Release|Any CPU.Build.0 = Release|Any CPU
	EndGlobalSection
	GlobalSection(SolutionProperties) = preSolution
		HideSolutionNode = FALSE
	EndGlobalSection
	GlobalSection(ExtensibilityGlobals) = postSolution
		SolutionGuid = {CDBB27A8-0072-4D70-B7F1-B18408BC268D}
	EndGlobalSection
EndGlobal
